
Microsoft Visual Studio Solution File, Format Version 12.00
# Visual Studio Version 17
VisualStudioVersion = 17.0.31903.59
MinimumVisualStudioVersion = 10.0.40219.1
Project("{FAE04EC0-301F-11D3-BF4B-00C04F79EFBC}") = "Calculator.Library", "Calculator.Library\Calculator.Library.csproj", "{C27441B3-421E-48C4-A3DE-C8E14AD7EB22}"
EndProject
Project("{FAE04EC0-301F-11D3-BF4B-00C04F79EFBC}") = "Calculator.Tests", "Calculator.Tests\Calculator.Tests.csproj", "{A3FB5B62-2A24-4416-9142-AB0C15109604}"
EndProject
Global
	GlobalSection(SolutionConfigurationPlatforms) = preSolution
		Debug|Any CPU = Debug|Any CPU
		Debug|x64 = Debug|x64
		Debug|x86 = Debug|x86
		Release|Any CPU = Release|Any CPU
		Release|x64 = Release|x64
		Release|x86 = Release|x86
	EndGlobalSection
	GlobalSection(ProjectConfigurationPlatforms) = postSolution
		{C27441B3-421E-48C4-A3DE-C8E14AD7EB22}.Debug|Any CPU.ActiveCfg = Debug|Any CPU
		{C27441B3-421E-48C4-A3DE-C8E14AD7EB22}.Debug|Any CPU.Build.0 = Debug|Any CPU
		{C27441B3-421E-48C4-A3DE-C8E14AD7EB22}.Debug|x64.ActiveCfg = Debug|Any CPU
		{C27441B3-421E-48C4-A3DE-C8E14AD7EB22}.Debug|x64.Build.0 = Debug|Any CPU
		{C27441B3-421E-48C4-A3DE-C8E14AD7EB22}.Debug|x86.ActiveCfg = Debug|Any CPU
		{C27441B3-421E-48C4-A3DE-C8E14AD7EB22}.Debug|x86.Build.0 = Debug|Any CPU
		{C27441B3-421E-48C4-A3DE-C8E14AD7EB22}.Release|Any CPU.ActiveCfg = Release|Any CPU
		{C27441B3-421E-48C4-A3DE-C8E14AD7EB22}.Release|Any CPU.Build.0 = Release|Any CPU
		{C27441B3-421E-48C4-A3DE-C8E14AD7EB22}.Release|x64.ActiveCfg = Release|Any CPU
		{C27441B3-421E-48C4-A3DE-C8E14AD7EB22}.Release|x64.Build.0 = Release|Any CPU
		{C27441B3-421E-48C4-A3DE-C8E14AD7EB22}.Release|x86.ActiveCfg = Release|Any CPU
		{C27441B3-421E-48C4-A3DE-C8E14AD7EB22}.Release|x86.Build.0 = Release|Any CPU
		{A3FB5B62-2A24-4416-9142-AB0C15109604}.Debug|Any CPU.ActiveCfg = Debug|Any CPU
		{A3FB5B62-2A24-4416-9142-AB0C15109604}.Debug|Any CPU.Build.0 = Debug|Any CPU
		{A3FB5B62-2A24-4416-9142-AB0C15109604}.Debug|x64.ActiveCfg = Debug|Any CPU
		{A3FB5B62-2A24-4416-9142-AB0C15109604}.Debug|x64.Build.0 = Debug|Any CPU
		{A3FB5B62-2A24-4416-9142-AB0C15109604}.Debug|x86.ActiveCfg = Debug|Any CPU
		{A3FB5B62-2A24-4416-9142-AB0C15109604}.Debug|x86.Build.0 = Debug|Any CPU
		{A3FB5B62-2A24-4416-9142-AB0C15109604}.Release|Any CPU.ActiveCfg = Release|Any CPU
		{A3FB5B62-2A24-4416-9142-AB0C15109604}.Release|Any CPU.Build.0 = Release|Any CPU
		{A3FB5B62-2A24-4416-9142-AB0C15109604}.Release|x64.ActiveCfg = Release|Any CPU
		{A3FB5B62-2A24-4416-9142-AB0C15109604}.Release|x64.Build.0 = Release|Any CPU
		{A3FB5B62-2A24-4416-9142-AB0C15109604}.Release|x86.ActiveCfg = Release|Any CPU
		{A3FB5B62-2A24-4416-9142-AB0C15109604}.Release|x86.Build.0 = Release|Any CPU
	EndGlobalSection
	GlobalSection(SolutionProperties) = preSolution
		HideSolutionNode = FALSE
	EndGlobalSection
EndGlobal
